
Microsoft Visual Studio Solution File, Format Version 12.00
# Visual Studio Version 17
VisualStudioVersion = 17.5.33502.453
MinimumVisualStudioVersion = 10.0.40219.1
Project("{FAE04EC0-301F-11D3-BF4B-00C04F79EFBC}") = "LotteryConsole", "LotteryConsole\LotteryConsole.csproj", "{91D4CD57-C8AB-433E-822E-C7546180A7BC}"
EndProject
Global
	GlobalSection(SolutionConfigurationPlatforms) = preSolution
		Debug|Any CPU = Debug|Any CPU
		Release|Any CPU = Release|Any CPU
	EndGlobalSection
	GlobalSection(ProjectConfigurationPlatforms) = postSolution
		{91D4CD57-C8AB-433E-822E-C7546180A7BC}.Debug|Any CPU.ActiveCfg = Debug|Any CPU
		{91D4CD57-C8AB-433E-822E-C7546180A7BC}.Debug|Any CPU.Build.0 = Debug|Any CPU
		{91D4CD57-C8AB-433E-822E-C7546180A7BC}.Release|Any CPU.ActiveCfg = Release|Any CPU
		{91D4CD57-C8AB-433E-822E-C7546180A7BC}.Release|Any CPU.Build.0 = Release|Any CPU
	EndGlobalSection
	GlobalSection(SolutionProperties) = preSolution
		HideSolutionNode = FALSE
	EndGlobalSection
	GlobalSection(ExtensibilityGlobals) = postSolution
		SolutionGuid = {F68D7AA3-CBAD-4EAE-AE51-5227D93FF6B3}
	EndGlobalSection
EndGlobal
